Microsoft Visual Studio Solution File, Format Version 12.00
# Visual Studio 15
VisualStudioVersion = 15.0.27004.2008
MinimumVisualStudioVersion = 10.0.40219.1
Project("{9A19103F-16F7-4668-BE54-9A1E7A4F7556}") = "Robot.Tests", "Robot.Tests\Robot.Tests.csproj", "{8D56F4EF-AF05-4CFF-B409-DC674F23602F}"
EndProject
Project("{9A19103F-16F7-4668-BE54-9A1E7A4F7556}") = "Robot", "Robot\Robot.csproj", "{75F14C6E-95D8-404D-BE22-7631C71961E0}"
EndProject
Project("{FAE04EC0-301F-11D3-BF4B-00C04F79EFBC}") = "Robot.UI", "Robot.UI\Robot.UI.csproj", "{61587BD3-CBE8-4ABE-97BD-BF6F9780AC9B}"
EndProject
Global
	GlobalSection(SolutionConfigurationPlatforms) = preSolution
		Debug|Any CPU = Debug|Any CPU
		Release|Any CPU = Release|Any CPU
	EndGlobalSection
	GlobalSection(ProjectConfigurationPlatforms) = postSolution
		{8D56F4EF-AF05-4CFF-B409-DC674F23602F}.Debug|Any CPU.ActiveCfg = Debug|Any CPU
		{8D56F4EF-AF05-4CFF-B409-DC674F23602F}.Debug|Any CPU.Build.0 = Debug|Any CPU
		{8D56F4EF-AF05-4CFF-B409-DC674F23602F}.Release|Any CPU.ActiveCfg = Release|Any CPU
		{8D56F4EF-AF05-4CFF-B409-DC674F23602F}.Release|Any CPU.Build.0 = Release|Any CPU
		{75F14C6E-95D8-404D-BE22-7631C71961E0}.Debug|Any CPU.ActiveCfg = Debug|Any CPU
		{75F14C6E-95D8-404D-BE22-7631C71961E0}.Debug|Any CPU.Build.0 = Debug|Any CPU
		{75F14C6E-95D8-404D-BE22-7631C71961E0}.Release|Any CPU.ActiveCfg = Release|Any CPU
		{75F14C6E-95D8-404D-BE22-7631C71961E0}.Release|Any CPU.Build.0 = Release|Any CPU
		{61587BD3-CBE8-4ABE-97BD-BF6F9780AC9B}.Debug|Any CPU.ActiveCfg = Debug|Any CPU
		{61587BD3-CBE8-4ABE-97BD-BF6F9780AC9B}.Debug|Any CPU.Build.0 = Debug|Any CPU
		{61587BD3-CBE8-4ABE-97BD-BF6F9780AC9B}.Release|Any CPU.ActiveCfg = Release|Any CPU
		{61587BD3-CBE8-4ABE-97BD-BF6F9780AC9B}.Release|Any CPU.Build.0 = Release|Any CPU
	EndGlobalSection
	GlobalSection(SolutionProperties) = preSolution
		HideSolutionNode = FALSE
	EndGlobalSection
	GlobalSection(ExtensibilityGlobals) = postSolution
		SolutionGuid = {AC2E4B37-3CE8-4C16-985C-C80AE0C22A28}
	EndGlobalSection
EndGlobal
